
Microsoft Visual Studio Solution File, Format Version 12.00
# Visual Studio Version 16
VisualStudioVersion = 16.0.30114.105
MinimumVisualStudioVersion = 10.0.40219.1
Project("{FAE04EC0-301F-11D3-BF4B-00C04F79EFBC}") = "coolbeanscoffee.data", "coolbeanscoffee.data\coolbeanscoffee.data.csproj", "{8411C380-4FD5-4E2E-A77C-1D50B81BC1CF}"
EndProject
Project("{FAE04EC0-301F-11D3-BF4B-00C04F79EFBC}") = "coolbeanscoffee.web", "coolbeanscoffee.web\coolbeanscoffee.web.csproj", "{A43AAAF0-CFF7-4EAD-BFC2-29835414E2E1}"
EndProject
Project("{FAE04EC0-301F-11D3-BF4B-00C04F79EFBC}") = "coolbeanscoffee.services", "coolbeanscoffee.services\coolbeanscoffee.services.csproj", "{23D8060F-5B41-44F8-9A49-E40919062541}"
EndProject
Project("{FAE04EC0-301F-11D3-BF4B-00C04F79EFBC}") = "coolbeanscoffee.tests", "coolbeanscoffee.tests\coolbeanscoffee.tests.csproj", "{6907C93E-B380-4E2C-9730-B62B5157CA52}"
EndProject
Global
	GlobalSection(SolutionConfigurationPlatforms) = preSolution
		Debug|Any CPU = Debug|Any CPU
		Release|Any CPU = Release|Any CPU
	EndGlobalSection
	GlobalSection(SolutionProperties) = preSolution
		HideSolutionNode = FALSE
	EndGlobalSection
	GlobalSection(ProjectConfigurationPlatforms) = postSolution
		{8411C380-4FD5-4E2E-A77C-1D50B81BC1CF}.Debug|Any CPU.ActiveCfg = Debug|Any CPU
		{8411C380-4FD5-4E2E-A77C-1D50B81BC1CF}.Debug|Any CPU.Build.0 = Debug|Any CPU
		{8411C380-4FD5-4E2E-A77C-1D50B81BC1CF}.Release|Any CPU.ActiveCfg = Release|Any CPU
		{8411C380-4FD5-4E2E-A77C-1D50B81BC1CF}.Release|Any CPU.Build.0 = Release|Any CPU
		{A43AAAF0-CFF7-4EAD-BFC2-29835414E2E1}.Debug|Any CPU.ActiveCfg = Debug|Any CPU
		{A43AAAF0-CFF7-4EAD-BFC2-29835414E2E1}.Debug|Any CPU.Build.0 = Debug|Any CPU
		{A43AAAF0-CFF7-4EAD-BFC2-29835414E2E1}.Release|Any CPU.ActiveCfg = Release|Any CPU
		{A43AAAF0-CFF7-4EAD-BFC2-29835414E2E1}.Release|Any CPU.Build.0 = Release|Any CPU
		{23D8060F-5B41-44F8-9A49-E40919062541}.Debug|Any CPU.ActiveCfg = Debug|Any CPU
		{23D8060F-5B41-44F8-9A49-E40919062541}.Debug|Any CPU.Build.0 = Debug|Any CPU
		{23D8060F-5B41-44F8-9A49-E40919062541}.Release|Any CPU.ActiveCfg = Release|Any CPU
		{23D8060F-5B41-44F8-9A49-E40919062541}.Release|Any CPU.Build.0 = Release|Any CPU
		{6907C93E-B380-4E2C-9730-B62B5157CA52}.Debug|Any CPU.ActiveCfg = Debug|Any CPU
		{6907C93E-B380-4E2C-9730-B62B5157CA52}.Debug|Any CPU.Build.0 = Debug|Any CPU
		{6907C93E-B380-4E2C-9730-B62B5157CA52}.Release|Any CPU.ActiveCfg = Release|Any CPU
		{6907C93E-B380-4E2C-9730-B62B5157CA52}.Release|Any CPU.Build.0 = Release|Any CPU
	EndGlobalSection
EndGlobal
